
Microsoft Visual Studio Solution File, Format Version 12.00
# Visual Studio Version 17
VisualStudioVersion = 17.1.32228.430
MinimumVisualStudioVersion = 10.0.40219.1
Project("{9A19103F-16F7-4668-BE54-9A1E7A4F7556}") = "ESourcing.Products", "ESourcing.Products\ESourcing.Products.csproj", "{EF17EED3-3386-4CE4-88BE-F151FCABCCAA}"
EndProject
Project("{2150E333-8FDC-42A3-9474-1A3956D46DE8}") = "Products", "Products", "{DE324496-6382-45D7-988E-62067FE9F762}"
EndProject
Project("{2150E333-8FDC-42A3-9474-1A3956D46DE8}") = "src", "src", "{295E75AA-F0F6-4AF1-AD5D-F700AF5F4ED3}"
	ProjectSection(SolutionItems) = preProject
		Notes.txt = Notes.txt
	EndProjectSection
EndProject
Project("{2150E333-8FDC-42A3-9474-1A3956D46DE8}") = "ApiGateway", "ApiGateway", "{96CCF5B0-1F21-40BA-87B5-174BD33136AA}"
EndProject
Project("{2150E333-8FDC-42A3-9474-1A3956D46DE8}") = "Services", "Services", "{337E96F3-41B8-46B5-B776-E40E64D6B123}"
EndProject
Project("{2150E333-8FDC-42A3-9474-1A3956D46DE8}") = "WebApp", "WebApp", "{C06ABD94-F463-4D91-BC52-2772EE39FA74}"
EndProject
Project("{2150E333-8FDC-42A3-9474-1A3956D46DE8}") = "Common", "Common", "{C5BC5DD6-FE60-479A-BC4A-6564E6F658DA}"
EndProject
Project("{2150E333-8FDC-42A3-9474-1A3956D46DE8}") = "Order", "Order", "{22BDB3C3-2B07-49F4-A490-9442223B95DA}"
EndProject
Project("{2150E333-8FDC-42A3-9474-1A3956D46DE8}") = "Sourcing", "Sourcing", "{EE1B2EFD-FDC1-49D2-80D8-F06BC9FC5C32}"
EndProject
Project("{E53339B2-1760-4266-BCC7-CA923CBCF16C}") = "docker-compose", "docker-compose.dcproj", "{59E13ABA-2345-4EB0-BF55-A61908AC0CC4}"
EndProject
Project("{9A19103F-16F7-4668-BE54-9A1E7A4F7556}") = "ESourcing.Sourcing", "ESourcing.Sourcing\ESourcing.Sourcing.csproj", "{0946C20A-41AC-4697-9451-6A0FB3D8C151}"
EndProject
Project("{9A19103F-16F7-4668-BE54-9A1E7A4F7556}") = "EventBusRabbitMQ", "EventBusRabbitMQ\EventBusRabbitMQ.csproj", "{E1A1FF28-AC61-4D0A-AC8B-B44AE582C035}"
EndProject
Project("{9A19103F-16F7-4668-BE54-9A1E7A4F7556}") = "ESourcing.Order", "ESourcing.Order\ESourcing.Order.csproj", "{75A007FE-4A24-4476-95FE-247C4F3105BF}"
EndProject
Project("{9A19103F-16F7-4668-BE54-9A1E7A4F7556}") = "Ordering.Application", "Ordering.Application\Ordering.Application.csproj", "{28605FBA-BBDD-4029-BB24-134644A70E32}"
EndProject
Project("{9A19103F-16F7-4668-BE54-9A1E7A4F7556}") = "Ordering.Domain", "Ordering.Domain\Ordering.Domain.csproj", "{6C324756-4EF2-41EC-8C16-765E96385740}"
EndProject
Project("{9A19103F-16F7-4668-BE54-9A1E7A4F7556}") = "Ordering.Infrastructure", "Ordering.Infrastructure\Ordering.Infrastructure.csproj", "{0531F699-EA69-4B92-B7E5-AC9278F524E9}"
EndProject
Project("{9A19103F-16F7-4668-BE54-9A1E7A4F7556}") = "ESourcing.APIGateway", "ESourcing.APIGateway\ESourcing.APIGateway.csproj", "{95AA06D0-7B58-49A7-9505-21FC741C68C0}"
EndProject
Project("{FAE04EC0-301F-11D3-BF4B-00C04F79EFBC}") = "ESourcing.UI", "ESourcing.UI\ESourcing.UI.csproj", "{816DF3DD-CC96-4046-A4ED-86963726A345}"
EndProject
Project("{FAE04EC0-301F-11D3-BF4B-00C04F79EFBC}") = "ESourcing.Core", "ESourcing.Core\ESourcing.Core.csproj", "{3DFD7C60-0F75-4C07-9581-89B515F0DA4F}"
EndProject
Project("{FAE04EC0-301F-11D3-BF4B-00C04F79EFBC}") = "ESourcing.Infrastructure", "ESourcing.Infrastructure\ESourcing.Infrastructure.csproj", "{FBB5E020-A9C8-481E-A4EA-70A8420EFFC8}"
EndProject
Global
	GlobalSection(SolutionConfigurationPlatforms) = preSolution
		Debug|Any CPU = Debug|Any CPU
		Release|Any CPU = Release|Any CPU
	EndGlobalSection
	GlobalSection(ProjectConfigurationPlatforms) = postSolution
		{EF17EED3-3386-4CE4-88BE-F151FCABCCAA}.Debug|Any CPU.ActiveCfg = Debug|Any CPU
		{EF17EED3-3386-4CE4-88BE-F151FCABCCAA}.Debug|Any CPU.Build.0 = Debug|Any CPU
		{EF17EED3-3386-4CE4-88BE-F151FCABCCAA}.Release|Any CPU.ActiveCfg = Release|Any CPU
		{EF17EED3-3386-4CE4-88BE-F151FCABCCAA}.Release|Any CPU.Build.0 = Release|Any CPU
		{59E13ABA-2345-4EB0-BF55-A61908AC0CC4}.Debug|Any CPU.ActiveCfg = Debug|Any CPU
		{59E13ABA-2345-4EB0-BF55-A61908AC0CC4}.Debug|Any CPU.Build.0 = Debug|Any CPU
		{59E13ABA-2345-4EB0-BF55-A61908AC0CC4}.Release|Any CPU.ActiveCfg = Release|Any CPU
		{59E13ABA-2345-4EB0-BF55-A61908AC0CC4}.Release|Any CPU.Build.0 = Release|Any CPU
		{0946C20A-41AC-4697-9451-6A0FB3D8C151}.Debug|Any CPU.ActiveCfg = Debug|Any CPU
		{0946C20A-41AC-4697-9451-6A0FB3D8C151}.Debug|Any CPU.Build.0 = Debug|Any CPU
		{0946C20A-41AC-4697-9451-6A0FB3D8C151}.Release|Any CPU.ActiveCfg = Release|Any CPU
		{0946C20A-41AC-4697-9451-6A0FB3D8C151}.Release|Any CPU.Build.0 = Release|Any CPU
		{E1A1FF28-AC61-4D0A-AC8B-B44AE582C035}.Debug|Any CPU.ActiveCfg = Debug|Any CPU
		{E1A1FF28-AC61-4D0A-AC8B-B44AE582C035}.Debug|Any CPU.Build.0 = Debug|Any CPU
		{E1A1FF28-AC61-4D0A-AC8B-B44AE582C035}.Release|Any CPU.ActiveCfg = Release|Any CPU
		{E1A1FF28-AC61-4D0A-AC8B-B44AE582C035}.Release|Any CPU.Build.0 = Release|Any CPU
		{75A007FE-4A24-4476-95FE-247C4F3105BF}.Debug|Any CPU.ActiveCfg = Debug|Any CPU
		{75A007FE-4A24-4476-95FE-247C4F3105BF}.Debug|Any CPU.Build.0 = Debug|Any CPU
		{75A007FE-4A24-4476-95FE-247C4F3105BF}.Release|Any CPU.ActiveCfg = Release|Any CPU
		{75A007FE-4A24-4476-95FE-247C4F3105BF}.Release|Any CPU.Build.0 = Release|Any CPU
		{28605FBA-BBDD-4029-BB24-134644A70E32}.Debug|Any CPU.ActiveCfg = Debug|Any CPU
		{28605FBA-BBDD-4029-BB24-134644A70E32}.Debug|Any CPU.Build.0 = Debug|Any CPU
		{28605FBA-BBDD-4029-BB24-134644A70E32}.Release|Any CPU.ActiveCfg = Release|Any CPU
		{28605FBA-BBDD-4029-BB24-134644A70E32}.Release|Any CPU.Build.0 = Release|Any CPU
		{6C324756-4EF2-41EC-8C16-765E96385740}.Debug|Any CPU.ActiveCfg = Debug|Any CPU
		{6C324756-4EF2-41EC-8C16-765E96385740}.Debug|Any CPU.Build.0 = Debug|Any CPU
		{6C324756-4EF2-41EC-8C16-765E96385740}.Release|Any CPU.ActiveCfg = Release|Any CPU
		{6C324756-4EF2-41EC-8C16-765E96385740}.Release|Any CPU.Build.0 = Release|Any CPU
		{0531F699-EA69-4B92-B7E5-AC9278F524E9}.Debug|Any CPU.ActiveCfg = Debug|Any CPU
		{0531F699-EA69-4B92-B7E5-AC9278F524E9}.Debug|Any CPU.Build.0 = Debug|Any CPU
		{0531F699-EA69-4B92-B7E5-AC9278F524E9}.Release|Any CPU.ActiveCfg = Release|Any CPU
		{0531F699-EA69-4B92-B7E5-AC9278F524E9}.Release|Any CPU.Build.0 = Release|Any CPU
		{95AA06D0-7B58-49A7-9505-21FC741C68C0}.Debug|Any CPU.ActiveCfg = Debug|Any CPU
		{95AA06D0-7B58-49A7-9505-21FC741C68C0}.Debug|Any CPU.Build.0 = Debug|Any CPU
		{95AA06D0-7B58-49A7-9505-21FC741C68C0}.Release|Any CPU.ActiveCfg = Release|Any CPU
		{95AA06D0-7B58-49A7-9505-21FC741C68C0}.Release|Any CPU.Build.0 = Release|Any CPU
		{816DF3DD-CC96-4046-A4ED-86963726A345}.Debug|Any CPU.ActiveCfg = Debug|Any CPU
		{816DF3DD-CC96-4046-A4ED-86963726A345}.Debug|Any CPU.Build.0 = Debug|Any CPU
		{816DF3DD-CC96-4046-A4ED-86963726A345}.Release|Any CPU.ActiveCfg = Release|Any CPU
		{816DF3DD-CC96-4046-A4ED-86963726A345}.Release|Any CPU.Build.0 = Release|Any CPU
		{3DFD7C60-0F75-4C07-9581-89B515F0DA4F}.Debug|Any CPU.ActiveCfg = Debug|Any CPU
		{3DFD7C60-0F75-4C07-9581-89B515F0DA4F}.Debug|Any CPU.Build.0 = Debug|Any CPU
		{3DFD7C60-0F75-4C07-9581-89B515F0DA4F}.Release|Any CPU.ActiveCfg = Release|Any CPU
		{3DFD7C60-0F75-4C07-9581-89B515F0DA4F}.Release|Any CPU.Build.0 = Release|Any CPU
		{FBB5E020-A9C8-481E-A4EA-70A8420EFFC8}.Debug|Any CPU.ActiveCfg = Debug|Any CPU
		{FBB5E020-A9C8-481E-A4EA-70A8420EFFC8}.Debug|Any CPU.Build.0 = Debug|Any CPU
		{FBB5E020-A9C8-481E-A4EA-70A8420EFFC8}.Release|Any CPU.ActiveCfg = Release|Any CPU
		{FBB5E020-A9C8-481E-A4EA-70A8420EFFC8}.Release|Any CPU.Build.0 = Release|Any CPU
	EndGlobalSection
	GlobalSection(SolutionProperties) = preSolution
		HideSolutionNode = FALSE
	EndGlobalSection
	GlobalSection(NestedProjects) = preSolution
		{EF17EED3-3386-4CE4-88BE-F151FCABCCAA} = {DE324496-6382-45D7-988E-62067FE9F762}
		{DE324496-6382-45D7-988E-62067FE9F762} = {337E96F3-41B8-46B5-B776-E40E64D6B123}
		{96CCF5B0-1F21-40BA-87B5-174BD33136AA} = {295E75AA-F0F6-4AF1-AD5D-F700AF5F4ED3}
		{337E96F3-41B8-46B5-B776-E40E64D6B123} = {295E75AA-F0F6-4AF1-AD5D-F700AF5F4ED3}
		{C06ABD94-F463-4D91-BC52-2772EE39FA74} = {295E75AA-F0F6-4AF1-AD5D-F700AF5F4ED3}
		{C5BC5DD6-FE60-479A-BC4A-6564E6F658DA} = {337E96F3-41B8-46B5-B776-E40E64D6B123}
		{22BDB3C3-2B07-49F4-A490-9442223B95DA} = {337E96F3-41B8-46B5-B776-E40E64D6B123}
		{EE1B2EFD-FDC1-49D2-80D8-F06BC9FC5C32} = {337E96F3-41B8-46B5-B776-E40E64D6B123}
		{0946C20A-41AC-4697-9451-6A0FB3D8C151} = {EE1B2EFD-FDC1-49D2-80D8-F06BC9FC5C32}
		{E1A1FF28-AC61-4D0A-AC8B-B44AE582C035} = {C5BC5DD6-FE60-479A-BC4A-6564E6F658DA}
		{75A007FE-4A24-4476-95FE-247C4F3105BF} = {22BDB3C3-2B07-49F4-A490-9442223B95DA}
		{28605FBA-BBDD-4029-BB24-134644A70E32} = {22BDB3C3-2B07-49F4-A490-9442223B95DA}
		{6C324756-4EF2-41EC-8C16-765E96385740} = {22BDB3C3-2B07-49F4-A490-9442223B95DA}
		{0531F699-EA69-4B92-B7E5-AC9278F524E9} = {22BDB3C3-2B07-49F4-A490-9442223B95DA}
		{95AA06D0-7B58-49A7-9505-21FC741C68C0} = {96CCF5B0-1F21-40BA-87B5-174BD33136AA}
		{816DF3DD-CC96-4046-A4ED-86963726A345} = {C06ABD94-F463-4D91-BC52-2772EE39FA74}
		{3DFD7C60-0F75-4C07-9581-89B515F0DA4F} = {C06ABD94-F463-4D91-BC52-2772EE39FA74}
		{FBB5E020-A9C8-481E-A4EA-70A8420EFFC8} = {C06ABD94-F463-4D91-BC52-2772EE39FA74}
	EndGlobalSection
	GlobalSection(ExtensibilityGlobals) = postSolution
		SolutionGuid = {1E4FF848-DD78-4245-A787-E7BE3CF39346}
	EndGlobalSection
EndGlobal
